
Microsoft Visual Studio Solution File, Format Version 12.00
# Visual Studio 2013
VisualStudioVersion = 12.0.31101.0
MinimumVisualStudioVersion = 10.0.40219.1
Project("{FAE04EC0-301F-11D3-BF4B-00C04F79EFBC}") = "SapeMorale", "SapeMorale\SapeMorale.csproj", "{6D94FA76-869A-4D94-B23C-3243BF264114}"
EndProject
Project("{FAE04EC0-301F-11D3-BF4B-00C04F79EFBC}") = "SapeMoraleStatsApi", "SapeMoraleStatsApi\SapeMoraleStatsApi.csproj", "{AE2C60A5-1AD3-4EB9-A4A6-73603D1230AD}"
EndProject
Project("{FAE04EC0-301F-11D3-BF4B-00C04F79EFBC}") = "SapeMoraleModel", "SapeMoraleModel\SapeMoraleModel.csproj", "{F55BFB65-405A-4654-8582-C8FC6AF4F1CA}"
EndProject
Global
	GlobalSection(SolutionConfigurationPlatforms) = preSolution
		Debug|Any CPU = Debug|Any CPU
		Release|Any CPU = Release|Any CPU
	EndGlobalSection
	GlobalSection(ProjectConfigurationPlatforms) = postSolution
		{6D94FA76-869A-4D94-B23C-3243BF264114}.Debug|Any CPU.ActiveCfg = Debug|Any CPU
		{6D94FA76-869A-4D94-B23C-3243BF264114}.Debug|Any CPU.Build.0 = Debug|Any CPU
		{6D94FA76-869A-4D94-B23C-3243BF264114}.Release|Any CPU.ActiveCfg = Release|Any CPU
		{6D94FA76-869A-4D94-B23C-3243BF264114}.Release|Any CPU.Build.0 = Release|Any CPU
		{AE2C60A5-1AD3-4EB9-A4A6-73603D1230AD}.Debug|Any CPU.ActiveCfg = Debug|Any CPU
		{AE2C60A5-1AD3-4EB9-A4A6-73603D1230AD}.Debug|Any CPU.Build.0 = Debug|Any CPU
		{AE2C60A5-1AD3-4EB9-A4A6-73603D1230AD}.Release|Any CPU.ActiveCfg = Release|Any CPU
		{AE2C60A5-1AD3-4EB9-A4A6-73603D1230AD}.Release|Any CPU.Build.0 = Release|Any CPU
		{F55BFB65-405A-4654-8582-C8FC6AF4F1CA}.Debug|Any CPU.ActiveCfg = Debug|Any CPU
		{F55BFB65-405A-4654-8582-C8FC6AF4F1CA}.Debug|Any CPU.Build.0 = Debug|Any CPU
		{F55BFB65-405A-4654-8582-C8FC6AF4F1CA}.Release|Any CPU.ActiveCfg = Release|Any CPU
		{F55BFB65-405A-4654-8582-C8FC6AF4F1CA}.Release|Any CPU.Build.0 = Release|Any CPU
	EndGlobalSection
	GlobalSection(SolutionProperties) = preSolution
		HideSolutionNode = FALSE
	EndGlobalSection
EndGlobal
